
Microsoft Visual Studio Solution File, Format Version 12.00
# Visual Studio 14
VisualStudioVersion = 14.0.24720.0
MinimumVisualStudioVersion = 10.0.40219.1
Project("{8BC9CEB8-8B4A-11D0-8D11-00A0C91BC942}") = "P", "P\P.vcxproj", "{DC2F3A0D-9E1D-4FE1-9CC7-131CB3C37962}"
EndProject
Project("{8BC9CEB8-8B4A-11D0-8D11-00A0C91BC942}") = "Out", "Out\Out.vcxproj", "{6105D670-5E09-4733-8773-D924B123026C}"
EndProject
Global
	GlobalSection(SolutionConfigurationPlatforms) = preSolution
		Debug|x64 = Debug|x64
		Debug|x86 = Debug|x86
		Release|x64 = Release|x64
		Release|x86 = Release|x86
	EndGlobalSection
	GlobalSection(ProjectConfigurationPlatforms) = postSolution
		{DC2F3A0D-9E1D-4FE1-9CC7-131CB3C37962}.Debug|x64.ActiveCfg = Debug|x64
		{DC2F3A0D-9E1D-4FE1-9CC7-131CB3C37962}.Debug|x64.Build.0 = Debug|x64
		{DC2F3A0D-9E1D-4FE1-9CC7-131CB3C37962}.Debug|x86.ActiveCfg = Debug|Win32
		{DC2F3A0D-9E1D-4FE1-9CC7-131CB3C37962}.Debug|x86.Build.0 = Debug|Win32
		{DC2F3A0D-9E1D-4FE1-9CC7-131CB3C37962}.Release|x64.ActiveCfg = Release|x64
		{DC2F3A0D-9E1D-4FE1-9CC7-131CB3C37962}.Release|x64.Build.0 = Release|x64
		{DC2F3A0D-9E1D-4FE1-9CC7-131CB3C37962}.Release|x86.ActiveCfg = Release|Win32
		{DC2F3A0D-9E1D-4FE1-9CC7-131CB3C37962}.Release|x86.Build.0 = Release|Win32
		{6105D670-5E09-4733-8773-D924B123026C}.Debug|x64.ActiveCfg = Debug|x64
		{6105D670-5E09-4733-8773-D924B123026C}.Debug|x64.Build.0 = Debug|x64
		{6105D670-5E09-4733-8773-D924B123026C}.Debug|x86.ActiveCfg = Debug|Win32
		{6105D670-5E09-4733-8773-D924B123026C}.Debug|x86.Build.0 = Debug|Win32
		{6105D670-5E09-4733-8773-D924B123026C}.Release|x64.ActiveCfg = Release|x64
		{6105D670-5E09-4733-8773-D924B123026C}.Release|x64.Build.0 = Release|x64
		{6105D670-5E09-4733-8773-D924B123026C}.Release|x86.ActiveCfg = Release|Win32
		{6105D670-5E09-4733-8773-D924B123026C}.Release|x86.Build.0 = Release|Win32
	EndGlobalSection
	GlobalSection(SolutionProperties) = preSolution
		HideSolutionNode = FALSE
	EndGlobalSection
EndGlobal
